{
  "requires": true,
  "lockfileVersion": 1,
  "dependencies": {
    "@types/assert": {
      "version": "1.4.6",
      "resolved": "https://registry.npmjs.org/@types/assert/-/assert-1.4.6.tgz",
      "integrity": "sha512-r/N9gGdYr2MfZSbdi6w6VH3+qS1KboBqZ0bkDiTD2RdAls3smYDK/jy8jhGyGTZglFgLTCknH1MBJG8M4sd+6A=="
    }
  }
}
